
Microsoft Visual Studio Solution File, Format Version 12.00
# Visual Studio 2013
VisualStudioVersion = 12.0.21005.1
MinimumVisualStudioVersion = 10.0.40219.1
Project("{FAE04EC0-301F-11D3-BF4B-00C04F79EFBC}") = "languageModel", "languageModel\languageModel.csproj", "{B21B3961-1336-4856-8F32-ACAB48E020D0}"
EndProject
Project("{FAE04EC0-301F-11D3-BF4B-00C04F79EFBC}") = "LogProbLM", "LogProbLM\LogProbLM.csproj", "{800B3BEF-1A85-4E25-B1E2-E11E787A4DC7}"
EndProject
Project("{FAE04EC0-301F-11D3-BF4B-00C04F79EFBC}") = "Perplexity", "Perplexity\Perplexity.csproj", "{A73FFFE8-68CE-400E-B6B5-1862E57C16E6}"
EndProject
Global
	GlobalSection(SolutionConfigurationPlatforms) = preSolution
		Debug|Any CPU = Debug|Any CPU
		Release|Any CPU = Release|Any CPU
	EndGlobalSection
	GlobalSection(ProjectConfigurationPlatforms) = postSolution
		{B21B3961-1336-4856-8F32-ACAB48E020D0}.Debug|Any CPU.ActiveCfg = Debug|Any CPU
		{B21B3961-1336-4856-8F32-ACAB48E020D0}.Debug|Any CPU.Build.0 = Debug|Any CPU
		{B21B3961-1336-4856-8F32-ACAB48E020D0}.Release|Any CPU.ActiveCfg = Release|Any CPU
		{B21B3961-1336-4856-8F32-ACAB48E020D0}.Release|Any CPU.Build.0 = Release|Any CPU
		{800B3BEF-1A85-4E25-B1E2-E11E787A4DC7}.Debug|Any CPU.ActiveCfg = Debug|Any CPU
		{800B3BEF-1A85-4E25-B1E2-E11E787A4DC7}.Debug|Any CPU.Build.0 = Debug|Any CPU
		{800B3BEF-1A85-4E25-B1E2-E11E787A4DC7}.Release|Any CPU.ActiveCfg = Release|Any CPU
		{800B3BEF-1A85-4E25-B1E2-E11E787A4DC7}.Release|Any CPU.Build.0 = Release|Any CPU
		{A73FFFE8-68CE-400E-B6B5-1862E57C16E6}.Debug|Any CPU.ActiveCfg = Debug|Any CPU
		{A73FFFE8-68CE-400E-B6B5-1862E57C16E6}.Debug|Any CPU.Build.0 = Debug|Any CPU
		{A73FFFE8-68CE-400E-B6B5-1862E57C16E6}.Release|Any CPU.ActiveCfg = Release|Any CPU
		{A73FFFE8-68CE-400E-B6B5-1862E57C16E6}.Release|Any CPU.Build.0 = Release|Any CPU
	EndGlobalSection
	GlobalSection(SolutionProperties) = preSolution
		HideSolutionNode = FALSE
	EndGlobalSection
EndGlobal
